
Microsoft Visual Studio Solution File, Format Version 12.00
# Visual Studio 2013
VisualStudioVersion = 12.0.30501.0
MinimumVisualStudioVersion = 10.0.40219.1
Project("{FAE04EC0-301F-11D3-BF4B-00C04F79EFBC}") = "GeneratorClient", "GeneratorClient\GeneratorClient.csproj", "{6853E73F-054B-41EE-A4CE-68233178B00B}"
	ProjectSection(ProjectDependencies) = postProject
		{4A1D1260-0778-416D-9D5E-41CBC30097AA} = {4A1D1260-0778-416D-9D5E-41CBC30097AA}
	EndProjectSection
EndProject
Project("{FAE04EC0-301F-11D3-BF4B-00C04F79EFBC}") = "GeneratorServiceContracts", "GeneratorContracts\GeneratorServiceContracts.csproj", "{8391BE39-6F66-4CF0-ABCC-C25D7FF7385D}"
EndProject
Project("{FAE04EC0-301F-11D3-BF4B-00C04F79EFBC}") = "GeneratorService", "GeneratorService\GeneratorService.csproj", "{7F3FB38F-E513-4B22-A6A8-A1E0AE42252D}"
EndProject
Project("{FAE04EC0-301F-11D3-BF4B-00C04F79EFBC}") = "GeneratorServer", "GeneratorServer\GeneratorServer.csproj", "{4A1D1260-0778-416D-9D5E-41CBC30097AA}"
EndProject
Project("{FAE04EC0-301F-11D3-BF4B-00C04F79EFBC}") = "GeneratorSubService", "GeneratorSubService\GeneratorSubService.csproj", "{4D3FC325-B4A2-4783-B803-27082ABC357B}"
EndProject
Project("{F088123C-0E9E-452A-89E6-6BA2F21D5CAC}") = "Modelisation", "Modelisation\Modelisation.modelproj", "{73E3FC4B-04EE-43D1-AFDE-C1F8D967AEB2}"
EndProject
Global
	GlobalSection(SolutionConfigurationPlatforms) = preSolution
		Debug|Any CPU = Debug|Any CPU
		Debug|Mixed Platforms = Debug|Mixed Platforms
		Debug|Win32 = Debug|Win32
		Debug|x64 = Debug|x64
		Release|Any CPU = Release|Any CPU
		Release|Mixed Platforms = Release|Mixed Platforms
		Release|Win32 = Release|Win32
		Release|x64 = Release|x64
	EndGlobalSection
	GlobalSection(ProjectConfigurationPlatforms) = postSolution
		{6853E73F-054B-41EE-A4CE-68233178B00B}.Debug|Any CPU.ActiveCfg = Debug|Any CPU
		{6853E73F-054B-41EE-A4CE-68233178B00B}.Debug|Any CPU.Build.0 = Debug|Any CPU
		{6853E73F-054B-41EE-A4CE-68233178B00B}.Debug|Mixed Platforms.ActiveCfg = Debug|Any CPU
		{6853E73F-054B-41EE-A4CE-68233178B00B}.Debug|Mixed Platforms.Build.0 = Debug|Any CPU
		{6853E73F-054B-41EE-A4CE-68233178B00B}.Debug|Win32.ActiveCfg = Debug|Any CPU
		{6853E73F-054B-41EE-A4CE-68233178B00B}.Debug|x64.ActiveCfg = Debug|Any CPU
		{6853E73F-054B-41EE-A4CE-68233178B00B}.Release|Any CPU.ActiveCfg = Release|Any CPU
		{6853E73F-054B-41EE-A4CE-68233178B00B}.Release|Any CPU.Build.0 = Release|Any CPU
		{6853E73F-054B-41EE-A4CE-68233178B00B}.Release|Mixed Platforms.ActiveCfg = Release|Any CPU
		{6853E73F-054B-41EE-A4CE-68233178B00B}.Release|Mixed Platforms.Build.0 = Release|Any CPU
		{6853E73F-054B-41EE-A4CE-68233178B00B}.Release|Win32.ActiveCfg = Release|Any CPU
		{6853E73F-054B-41EE-A4CE-68233178B00B}.Release|x64.ActiveCfg = Release|Any CPU
		{8391BE39-6F66-4CF0-ABCC-C25D7FF7385D}.Debug|Any CPU.ActiveCfg = Debug|Any CPU
		{8391BE39-6F66-4CF0-ABCC-C25D7FF7385D}.Debug|Any CPU.Build.0 = Debug|Any CPU
		{8391BE39-6F66-4CF0-ABCC-C25D7FF7385D}.Debug|Mixed Platforms.ActiveCfg = Debug|Any CPU
		{8391BE39-6F66-4CF0-ABCC-C25D7FF7385D}.Debug|Mixed Platforms.Build.0 = Debug|Any CPU
		{8391BE39-6F66-4CF0-ABCC-C25D7FF7385D}.Debug|Win32.ActiveCfg = Debug|Any CPU
		{8391BE39-6F66-4CF0-ABCC-C25D7FF7385D}.Debug|x64.ActiveCfg = Debug|Any CPU
		{8391BE39-6F66-4CF0-ABCC-C25D7FF7385D}.Release|Any CPU.ActiveCfg = Release|Any CPU
		{8391BE39-6F66-4CF0-ABCC-C25D7FF7385D}.Release|Any CPU.Build.0 = Release|Any CPU
		{8391BE39-6F66-4CF0-ABCC-C25D7FF7385D}.Release|Mixed Platforms.ActiveCfg = Release|Any CPU
		{8391BE39-6F66-4CF0-ABCC-C25D7FF7385D}.Release|Mixed Platforms.Build.0 = Release|Any CPU
		{8391BE39-6F66-4CF0-ABCC-C25D7FF7385D}.Release|Win32.ActiveCfg = Release|Any CPU
		{8391BE39-6F66-4CF0-ABCC-C25D7FF7385D}.Release|x64.ActiveCfg = Release|Any CPU
		{7F3FB38F-E513-4B22-A6A8-A1E0AE42252D}.Debug|Any CPU.ActiveCfg = Debug|Any CPU
		{7F3FB38F-E513-4B22-A6A8-A1E0AE42252D}.Debug|Any CPU.Build.0 = Debug|Any CPU
		{7F3FB38F-E513-4B22-A6A8-A1E0AE42252D}.Debug|Mixed Platforms.ActiveCfg = Debug|Any CPU
		{7F3FB38F-E513-4B22-A6A8-A1E0AE42252D}.Debug|Mixed Platforms.Build.0 = Debug|Any CPU
		{7F3FB38F-E513-4B22-A6A8-A1E0AE42252D}.Debug|Win32.ActiveCfg = Debug|Any CPU
		{7F3FB38F-E513-4B22-A6A8-A1E0AE42252D}.Debug|x64.ActiveCfg = Debug|Any CPU
		{7F3FB38F-E513-4B22-A6A8-A1E0AE42252D}.Release|Any CPU.ActiveCfg = Release|Any CPU
		{7F3FB38F-E513-4B22-A6A8-A1E0AE42252D}.Release|Any CPU.Build.0 = Release|Any CPU
		{7F3FB38F-E513-4B22-A6A8-A1E0AE42252D}.Release|Mixed Platforms.ActiveCfg = Release|Any CPU
		{7F3FB38F-E513-4B22-A6A8-A1E0AE42252D}.Release|Mixed Platforms.Build.0 = Release|Any CPU
		{7F3FB38F-E513-4B22-A6A8-A1E0AE42252D}.Release|Win32.ActiveCfg = Release|Any CPU
		{7F3FB38F-E513-4B22-A6A8-A1E0AE42252D}.Release|x64.ActiveCfg = Release|Any CPU
		{4A1D1260-0778-416D-9D5E-41CBC30097AA}.Debug|Any CPU.ActiveCfg = Debug|Any CPU
		{4A1D1260-0778-416D-9D5E-41CBC30097AA}.Debug|Any CPU.Build.0 = Debug|Any CPU
		{4A1D1260-0778-416D-9D5E-41CBC30097AA}.Debug|Mixed Platforms.ActiveCfg = Debug|Any CPU
		{4A1D1260-0778-416D-9D5E-41CBC30097AA}.Debug|Mixed Platforms.Build.0 = Debug|Any CPU
		{4A1D1260-0778-416D-9D5E-41CBC30097AA}.Debug|Win32.ActiveCfg = Debug|Any CPU
		{4A1D1260-0778-416D-9D5E-41CBC30097AA}.Debug|x64.ActiveCfg = Debug|Any CPU
		{4A1D1260-0778-416D-9D5E-41CBC30097AA}.Release|Any CPU.ActiveCfg = Release|Any CPU
		{4A1D1260-0778-416D-9D5E-41CBC30097AA}.Release|Any CPU.Build.0 = Release|Any CPU
		{4A1D1260-0778-416D-9D5E-41CBC30097AA}.Release|Mixed Platforms.ActiveCfg = Release|Any CPU
		{4A1D1260-0778-416D-9D5E-41CBC30097AA}.Release|Mixed Platforms.Build.0 = Release|Any CPU
		{4A1D1260-0778-416D-9D5E-41CBC30097AA}.Release|Win32.ActiveCfg = Release|Any CPU
		{4A1D1260-0778-416D-9D5E-41CBC30097AA}.Release|x64.ActiveCfg = Release|Any CPU
		{4D3FC325-B4A2-4783-B803-27082ABC357B}.Debug|Any CPU.ActiveCfg = Debug|Any CPU
		{4D3FC325-B4A2-4783-B803-27082ABC357B}.Debug|Any CPU.Build.0 = Debug|Any CPU
		{4D3FC325-B4A2-4783-B803-27082ABC357B}.Debug|Mixed Platforms.ActiveCfg = Debug|Any CPU
		{4D3FC325-B4A2-4783-B803-27082ABC357B}.Debug|Mixed Platforms.Build.0 = Debug|Any CPU
		{4D3FC325-B4A2-4783-B803-27082ABC357B}.Debug|Win32.ActiveCfg = Debug|Any CPU
		{4D3FC325-B4A2-4783-B803-27082ABC357B}.Debug|x64.ActiveCfg = Debug|Any CPU
		{4D3FC325-B4A2-4783-B803-27082ABC357B}.Release|Any CPU.ActiveCfg = Release|Any CPU
		{4D3FC325-B4A2-4783-B803-27082ABC357B}.Release|Any CPU.Build.0 = Release|Any CPU
		{4D3FC325-B4A2-4783-B803-27082ABC357B}.Release|Mixed Platforms.ActiveCfg = Release|Any CPU
		{4D3FC325-B4A2-4783-B803-27082ABC357B}.Release|Mixed Platforms.Build.0 = Release|Any CPU
		{4D3FC325-B4A2-4783-B803-27082ABC357B}.Release|Win32.ActiveCfg = Release|Any CPU
		{4D3FC325-B4A2-4783-B803-27082ABC357B}.Release|x64.ActiveCfg = Release|Any CPU
		{73E3FC4B-04EE-43D1-AFDE-C1F8D967AEB2}.Debug|Any CPU.ActiveCfg = Debug|Any CPU
		{73E3FC4B-04EE-43D1-AFDE-C1F8D967AEB2}.Debug|Any CPU.Build.0 = Debug|Any CPU
		{73E3FC4B-04EE-43D1-AFDE-C1F8D967AEB2}.Debug|Mixed Platforms.ActiveCfg = Debug|Any CPU
		{73E3FC4B-04EE-43D1-AFDE-C1F8D967AEB2}.Debug|Mixed Platforms.Build.0 = Debug|Any CPU
		{73E3FC4B-04EE-43D1-AFDE-C1F8D967AEB2}.Debug|Win32.ActiveCfg = Debug|Any CPU
		{73E3FC4B-04EE-43D1-AFDE-C1F8D967AEB2}.Debug|x64.ActiveCfg = Debug|Any CPU
		{73E3FC4B-04EE-43D1-AFDE-C1F8D967AEB2}.Release|Any CPU.ActiveCfg = Release|Any CPU
		{73E3FC4B-04EE-43D1-AFDE-C1F8D967AEB2}.Release|Any CPU.Build.0 = Release|Any CPU
		{73E3FC4B-04EE-43D1-AFDE-C1F8D967AEB2}.Release|Mixed Platforms.ActiveCfg = Release|Any CPU
		{73E3FC4B-04EE-43D1-AFDE-C1F8D967AEB2}.Release|Mixed Platforms.Build.0 = Release|Any CPU
		{73E3FC4B-04EE-43D1-AFDE-C1F8D967AEB2}.Release|Win32.ActiveCfg = Release|Any CPU
		{73E3FC4B-04EE-43D1-AFDE-C1F8D967AEB2}.Release|x64.ActiveCfg = Release|Any CPU
	EndGlobalSection
	GlobalSection(SolutionProperties) = preSolution
		HideSolutionNode = FALSE
	EndGlobalSection
EndGlobal
