
Microsoft Visual Studio Solution File, Format Version 12.00
# Visual Studio 2013
VisualStudioVersion = 12.0.30501.0
MinimumVisualStudioVersion = 10.0.40219.1
Project("{FAE04EC0-301F-11D3-BF4B-00C04F79EFBC}") = "GeneratorClient", "GeneratorClient.csproj", "{6853E73F-054B-41EE-A4CE-68233178B00B}"
	ProjectSection(ProjectDependencies) = postProject
		{4A1D1260-0778-416D-9D5E-41CBC30097AA} = {4A1D1260-0778-416D-9D5E-41CBC30097AA}
	EndProjectSection
EndProject
Project("{FAE04EC0-301F-11D3-BF4B-00C04F79EFBC}") = "GeneratorServiceContracts", "..\GeneratorContracts\GeneratorServiceContracts.csproj", "{8391BE39-6F66-4CF0-ABCC-C25D7FF7385D}"
EndProject
Project("{FAE04EC0-301F-11D3-BF4B-00C04F79EFBC}") = "GeneratorService", "GeneratorService\GeneratorService.csproj", "{7F3FB38F-E513-4B22-A6A8-A1E0AE42252D}"
EndProject
Project("{FAE04EC0-301F-11D3-BF4B-00C04F79EFBC}") = "GeneratorServer", "GeneratorServer\GeneratorServer.csproj", "{4A1D1260-0778-416D-9D5E-41CBC30097AA}"
EndProject
Project("{FAE04EC0-301F-11D3-BF4B-00C04F79EFBC}") = "GeneratorServiceCallbackContract", "..\GeneratorServiceCallbackContract\GeneratorServiceCallbackContract.csproj", "{A300C2A4-9115-425C-AD09-4CB63417007D}"
EndProject
Project("{FAE04EC0-301F-11D3-BF4B-00C04F79EFBC}") = "GeneratorServiceDataContract", "GeneratorServiceDataContract\GeneratorServiceDataContract.csproj", "{9A385AB5-9DB1-4363-BD42-A4AB74E91197}"
EndProject
Global
	GlobalSection(SolutionConfigurationPlatforms) = preSolution
		Debug|Any CPU = Debug|Any CPU
		Release|Any CPU = Release|Any CPU
	EndGlobalSection
	GlobalSection(ProjectConfigurationPlatforms) = postSolution
		{6853E73F-054B-41EE-A4CE-68233178B00B}.Debug|Any CPU.ActiveCfg = Debug|Any CPU
		{6853E73F-054B-41EE-A4CE-68233178B00B}.Debug|Any CPU.Build.0 = Debug|Any CPU
		{6853E73F-054B-41EE-A4CE-68233178B00B}.Release|Any CPU.ActiveCfg = Release|Any CPU
		{6853E73F-054B-41EE-A4CE-68233178B00B}.Release|Any CPU.Build.0 = Release|Any CPU
		{8391BE39-6F66-4CF0-ABCC-C25D7FF7385D}.Debug|Any CPU.ActiveCfg = Debug|Any CPU
		{8391BE39-6F66-4CF0-ABCC-C25D7FF7385D}.Debug|Any CPU.Build.0 = Debug|Any CPU
		{8391BE39-6F66-4CF0-ABCC-C25D7FF7385D}.Release|Any CPU.ActiveCfg = Release|Any CPU
		{8391BE39-6F66-4CF0-ABCC-C25D7FF7385D}.Release|Any CPU.Build.0 = Release|Any CPU
		{7F3FB38F-E513-4B22-A6A8-A1E0AE42252D}.Debug|Any CPU.ActiveCfg = Debug|Any CPU
		{7F3FB38F-E513-4B22-A6A8-A1E0AE42252D}.Debug|Any CPU.Build.0 = Debug|Any CPU
		{7F3FB38F-E513-4B22-A6A8-A1E0AE42252D}.Release|Any CPU.ActiveCfg = Release|Any CPU
		{7F3FB38F-E513-4B22-A6A8-A1E0AE42252D}.Release|Any CPU.Build.0 = Release|Any CPU
		{4A1D1260-0778-416D-9D5E-41CBC30097AA}.Debug|Any CPU.ActiveCfg = Debug|Any CPU
		{4A1D1260-0778-416D-9D5E-41CBC30097AA}.Debug|Any CPU.Build.0 = Debug|Any CPU
		{4A1D1260-0778-416D-9D5E-41CBC30097AA}.Release|Any CPU.ActiveCfg = Release|Any CPU
		{4A1D1260-0778-416D-9D5E-41CBC30097AA}.Release|Any CPU.Build.0 = Release|Any CPU
		{A300C2A4-9115-425C-AD09-4CB63417007D}.Debug|Any CPU.ActiveCfg = Debug|Any CPU
		{A300C2A4-9115-425C-AD09-4CB63417007D}.Debug|Any CPU.Build.0 = Debug|Any CPU
		{A300C2A4-9115-425C-AD09-4CB63417007D}.Release|Any CPU.ActiveCfg = Release|Any CPU
		{A300C2A4-9115-425C-AD09-4CB63417007D}.Release|Any CPU.Build.0 = Release|Any CPU
		{9A385AB5-9DB1-4363-BD42-A4AB74E91197}.Debug|Any CPU.ActiveCfg = Debug|Any CPU
		{9A385AB5-9DB1-4363-BD42-A4AB74E91197}.Debug|Any CPU.Build.0 = Debug|Any CPU
		{9A385AB5-9DB1-4363-BD42-A4AB74E91197}.Release|Any CPU.ActiveCfg = Release|Any CPU
		{9A385AB5-9DB1-4363-BD42-A4AB74E91197}.Release|Any CPU.Build.0 = Release|Any CPU
	EndGlobalSection
	GlobalSection(SolutionProperties) = preSolution
		HideSolutionNode = FALSE
	EndGlobalSection
EndGlobal
